
Microsoft Visual Studio Solution File, Format Version 12.00
# Blend for Visual Studio 14
VisualStudioVersion = 14.0.25420.1
MinimumVisualStudioVersion = 10.0.40219.1
Project("{FAE04EC0-301F-11D3-BF4B-00C04F79EFBC}") = "ToolBox", "ToolBox\ToolBox.csproj", "{DA6940C1-1249-4B5C-BE0A-1C60EF295B81}"
EndProject
Global
	GlobalSection(SolutionConfigurationPlatforms) = preSolution
		Debug|Any CPU = Debug|Any CPU
		Release|Any CPU = Release|Any CPU
	EndGlobalSection
	GlobalSection(ProjectConfigurationPlatforms) = postSolution
		{DA6940C1-1249-4B5C-BE0A-1C60EF295B81}.Debug|Any CPU.ActiveCfg = Debug|Any CPU
		{DA6940C1-1249-4B5C-BE0A-1C60EF295B81}.Debug|Any CPU.Build.0 = Debug|Any CPU
		{DA6940C1-1249-4B5C-BE0A-1C60EF295B81}.Release|Any CPU.ActiveCfg = Release|Any CPU
		{DA6940C1-1249-4B5C-BE0A-1C60EF295B81}.Release|Any CPU.Build.0 = Release|Any CPU
	EndGlobalSection
	GlobalSection(SolutionProperties) = preSolution
		HideSolutionNode = FALSE
	EndGlobalSection
EndGlobal
